
Microsoft Visual Studio Solution File, Format Version 10.00
# Visual Studio 2008
Project("{FAE04EC0-301F-11D3-BF4B-00C04F79EFBC}") = "Unsigned", "Unsigned\Unsigned.csproj", "{E702C8D8-A390-40E8-AC53-B873A25EB00F}"
EndProject
Project("{FAE04EC0-301F-11D3-BF4B-00C04F79EFBC}") = "SongDataIO", "SongDataIO\SongDataIO.csproj", "{26577F40-7604-4C07-8EED-C5CF468945F1}"
EndProject
Project("{FAE04EC0-301F-11D3-BF4B-00C04F79EFBC}") = "UnsignedPeripheralPlugins", "UnsignedPeripheralPlugins\UnsignedPeripheralPlugins.csproj", "{8CFCBB97-7B4D-4E3A-BBBA-16CF470E0937}"
EndProject
Project("{FAE04EC0-301F-11D3-BF4B-00C04F79EFBC}") = "Xbox360PeripheralPlugin", "Xbox360PeripheralPlugin\Xbox360PeripheralPlugin.csproj", "{8FE65E2C-4A13-46FA-90FA-4C862ECC7539}"
EndProject
Project("{FAE04EC0-301F-11D3-BF4B-00C04F79EFBC}") = "AnimationEditor", "AnimationEditor\AnimationEditor.csproj", "{C052F9EC-F1B3-4DBC-AD29-40C12BC7BE11}"
EndProject
Project("{FAE04EC0-301F-11D3-BF4B-00C04F79EFBC}") = "SongdataConverter", "SongdataConverter\SongdataConverter.csproj", "{7E77E038-FDB8-4633-9AB2-62EA083F65EC}"
EndProject
Project("{FAE04EC0-301F-11D3-BF4B-00C04F79EFBC}") = "MS3DProcessor", "MS3DProcessor\MS3DProcessor.csproj", "{D1ADD913-3FA7-4055-A879-D4DA8AF34966}"
EndProject
Project("{FAE04EC0-301F-11D3-BF4B-00C04F79EFBC}") = "FVProductionsUtility", "FVProductionsUtility\FVProductionsUtility.csproj", "{C50179F4-3871-4E27-8414-96E465088B37}"
EndProject
Project("{FAE04EC0-301F-11D3-BF4B-00C04F79EFBC}") = "SongdataVersionChecker", "SongdataVersionChecker\SongdataVersionChecker.csproj", "{688F80B8-515E-4BCB-A276-C4D79D460491}"
EndProject
Project("{FAE04EC0-301F-11D3-BF4B-00C04F79EFBC}") = "VenueCompiler", "VenueCompiler\VenueCompiler.csproj", "{230F9E77-9B22-44D4-A8E1-CF0C6690B577}"
EndProject
Project("{FAE04EC0-301F-11D3-BF4B-00C04F79EFBC}") = "UnsignedAnimationEditor", "UnsignedAnimationEditor\UnsignedAnimationEditor.csproj", "{D2794AC3-19C1-4D63-8C50-E62BE7288139}"
EndProject
Project("{FAE04EC0-301F-11D3-BF4B-00C04F79EFBC}") = "FVProductionsUtility360", "FVProductionsUtility\FVProductionsUtility360.csproj", "{0A60E294-ED79-4639-8222-CECAE748678A}"
EndProject
Project("{FAE04EC0-301F-11D3-BF4B-00C04F79EFBC}") = "SongDataIO360", "SongDataIO\SongDataIO360.csproj", "{6D3BBE07-349E-43AB-92FC-EAD6223EE135}"
EndProject
Project("{FAE04EC0-301F-11D3-BF4B-00C04F79EFBC}") = "UnsignedPeripheralPlugins360", "UnsignedPeripheralPlugins\UnsignedPeripheralPlugins360.csproj", "{48F03453-C2BC-4F8F-A13C-6792044D1CF6}"
EndProject
Project("{FAE04EC0-301F-11D3-BF4B-00C04F79EFBC}") = "Unsigned360", "Unsigned\Unsigned360.csproj", "{5267F64F-73DB-4F3F-8135-C884FF317E53}"
EndProject
Project("{FAE04EC0-301F-11D3-BF4B-00C04F79EFBC}") = "AnimLib", "AnimLib\AnimLib.csproj", "{8E3E7BB7-404D-4A4B-A9F1-478A8C98D5E3}"
EndProject
Project("{FAE04EC0-301F-11D3-BF4B-00C04F79EFBC}") = "AnimLib360", "AnimLib\AnimLib360.csproj", "{1D9637A5-6539-4E82-B54F-275A20E655A9}"
EndProject
Global
	GlobalSection(SolutionConfigurationPlatforms) = preSolution
		Debug|Any CPU = Debug|Any CPU
		Debug|Mixed Platforms = Debug|Mixed Platforms
		Debug|Win32 = Debug|Win32
		Debug|x86 = Debug|x86
		Debug|Xbox 360 = Debug|Xbox 360
		Debug|Zune = Debug|Zune
		Release|Any CPU = Release|Any CPU
		Release|Mixed Platforms = Release|Mixed Platforms
		Release|Win32 = Release|Win32
		Release|x86 = Release|x86
		Release|Xbox 360 = Release|Xbox 360
		Release|Zune = Release|Zune
	EndGlobalSection
	GlobalSection(ProjectConfigurationPlatforms) = postSolution
		{E702C8D8-A390-40E8-AC53-B873A25EB00F}.Debug|Any CPU.ActiveCfg = Debug|x86
		{E702C8D8-A390-40E8-AC53-B873A25EB00F}.Debug|Mixed Platforms.ActiveCfg = Debug|x86
		{E702C8D8-A390-40E8-AC53-B873A25EB00F}.Debug|Mixed Platforms.Build.0 = Debug|x86
		{E702C8D8-A390-40E8-AC53-B873A25EB00F}.Debug|Win32.ActiveCfg = Debug|x86
		{E702C8D8-A390-40E8-AC53-B873A25EB00F}.Debug|x86.ActiveCfg = Debug|x86
		{E702C8D8-A390-40E8-AC53-B873A25EB00F}.Debug|x86.Build.0 = Debug|x86
		{E702C8D8-A390-40E8-AC53-B873A25EB00F}.Debug|Xbox 360.ActiveCfg = Debug|x86
		{E702C8D8-A390-40E8-AC53-B873A25EB00F}.Debug|Zune.ActiveCfg = Debug|x86
		{E702C8D8-A390-40E8-AC53-B873A25EB00F}.Release|Any CPU.ActiveCfg = Release|x86
		{E702C8D8-A390-40E8-AC53-B873A25EB00F}.Release|Mixed Platforms.ActiveCfg = Release|x86
		{E702C8D8-A390-40E8-AC53-B873A25EB00F}.Release|Mixed Platforms.Build.0 = Release|x86
		{E702C8D8-A390-40E8-AC53-B873A25EB00F}.Release|Win32.ActiveCfg = Release|x86
		{E702C8D8-A390-40E8-AC53-B873A25EB00F}.Release|x86.ActiveCfg = Release|x86
		{E702C8D8-A390-40E8-AC53-B873A25EB00F}.Release|x86.Build.0 = Release|x86
		{E702C8D8-A390-40E8-AC53-B873A25EB00F}.Release|Xbox 360.ActiveCfg = Release|x86
		{E702C8D8-A390-40E8-AC53-B873A25EB00F}.Release|Zune.ActiveCfg = Release|x86
		{26577F40-7604-4C07-8EED-C5CF468945F1}.Debug|Any CPU.ActiveCfg = Debug|x86
		{26577F40-7604-4C07-8EED-C5CF468945F1}.Debug|Mixed Platforms.ActiveCfg = Debug|x86
		{26577F40-7604-4C07-8EED-C5CF468945F1}.Debug|Mixed Platforms.Build.0 = Debug|x86
		{26577F40-7604-4C07-8EED-C5CF468945F1}.Debug|Win32.ActiveCfg = Debug|x86
		{26577F40-7604-4C07-8EED-C5CF468945F1}.Debug|x86.ActiveCfg = Debug|x86
		{26577F40-7604-4C07-8EED-C5CF468945F1}.Debug|x86.Build.0 = Debug|x86
		{26577F40-7604-4C07-8EED-C5CF468945F1}.Debug|Xbox 360.ActiveCfg = Debug|x86
		{26577F40-7604-4C07-8EED-C5CF468945F1}.Debug|Zune.ActiveCfg = Debug|x86
		{26577F40-7604-4C07-8EED-C5CF468945F1}.Release|Any CPU.ActiveCfg = Release|x86
		{26577F40-7604-4C07-8EED-C5CF468945F1}.Release|Mixed Platforms.ActiveCfg = Release|x86
		{26577F40-7604-4C07-8EED-C5CF468945F1}.Release|Mixed Platforms.Build.0 = Release|x86
		{26577F40-7604-4C07-8EED-C5CF468945F1}.Release|Win32.ActiveCfg = Release|x86
		{26577F40-7604-4C07-8EED-C5CF468945F1}.Release|x86.ActiveCfg = Release|x86
		{26577F40-7604-4C07-8EED-C5CF468945F1}.Release|x86.Build.0 = Release|x86
		{26577F40-7604-4C07-8EED-C5CF468945F1}.Release|Xbox 360.ActiveCfg = Release|x86
		{26577F40-7604-4C07-8EED-C5CF468945F1}.Release|Zune.ActiveCfg = Release|x86
		{8CFCBB97-7B4D-4E3A-BBBA-16CF470E0937}.Debug|Any CPU.ActiveCfg = Debug|x86
		{8CFCBB97-7B4D-4E3A-BBBA-16CF470E0937}.Debug|Mixed Platforms.ActiveCfg = Debug|x86
		{8CFCBB97-7B4D-4E3A-BBBA-16CF470E0937}.Debug|Mixed Platforms.Build.0 = Debug|x86
		{8CFCBB97-7B4D-4E3A-BBBA-16CF470E0937}.Debug|Win32.ActiveCfg = Debug|x86
		{8CFCBB97-7B4D-4E3A-BBBA-16CF470E0937}.Debug|x86.ActiveCfg = Debug|x86
		{8CFCBB97-7B4D-4E3A-BBBA-16CF470E0937}.Debug|x86.Build.0 = Debug|x86
		{8CFCBB97-7B4D-4E3A-BBBA-16CF470E0937}.Debug|Xbox 360.ActiveCfg = Debug|x86
		{8CFCBB97-7B4D-4E3A-BBBA-16CF470E0937}.Debug|Zune.ActiveCfg = Debug|x86
		{8CFCBB97-7B4D-4E3A-BBBA-16CF470E0937}.Release|Any CPU.ActiveCfg = Release|x86
		{8CFCBB97-7B4D-4E3A-BBBA-16CF470E0937}.Release|Mixed Platforms.ActiveCfg = Release|x86
		{8CFCBB97-7B4D-4E3A-BBBA-16CF470E0937}.Release|Mixed Platforms.Build.0 = Release|x86
		{8CFCBB97-7B4D-4E3A-BBBA-16CF470E0937}.Release|Win32.ActiveCfg = Release|x86
		{8CFCBB97-7B4D-4E3A-BBBA-16CF470E0937}.Release|x86.ActiveCfg = Release|x86
		{8CFCBB97-7B4D-4E3A-BBBA-16CF470E0937}.Release|x86.Build.0 = Release|x86
		{8CFCBB97-7B4D-4E3A-BBBA-16CF470E0937}.Release|Xbox 360.ActiveCfg = Release|x86
		{8CFCBB97-7B4D-4E3A-BBBA-16CF470E0937}.Release|Zune.ActiveCfg = Release|x86
		{8FE65E2C-4A13-46FA-90FA-4C862ECC7539}.Debug|Any CPU.ActiveCfg = Debug|x86
		{8FE65E2C-4A13-46FA-90FA-4C862ECC7539}.Debug|Mixed Platforms.ActiveCfg = Debug|x86
		{8FE65E2C-4A13-46FA-90FA-4C862ECC7539}.Debug|Mixed Platforms.Build.0 = Debug|x86
		{8FE65E2C-4A13-46FA-90FA-4C862ECC7539}.Debug|Win32.ActiveCfg = Debug|x86
		{8FE65E2C-4A13-46FA-90FA-4C862ECC7539}.Debug|x86.ActiveCfg = Debug|x86
		{8FE65E2C-4A13-46FA-90FA-4C862ECC7539}.Debug|x86.Build.0 = Debug|x86
		{8FE65E2C-4A13-46FA-90FA-4C862ECC7539}.Debug|Xbox 360.ActiveCfg = Debug|x86
		{8FE65E2C-4A13-46FA-90FA-4C862ECC7539}.Debug|Zune.ActiveCfg = Debug|x86
		{8FE65E2C-4A13-46FA-90FA-4C862ECC7539}.Release|Any CPU.ActiveCfg = Release|x86
		{8FE65E2C-4A13-46FA-90FA-4C862ECC7539}.Release|Mixed Platforms.ActiveCfg = Release|x86
		{8FE65E2C-4A13-46FA-90FA-4C862ECC7539}.Release|Mixed Platforms.Build.0 = Release|x86
		{8FE65E2C-4A13-46FA-90FA-4C862ECC7539}.Release|Win32.ActiveCfg = Release|x86
		{8FE65E2C-4A13-46FA-90FA-4C862ECC7539}.Release|x86.ActiveCfg = Release|x86
		{8FE65E2C-4A13-46FA-90FA-4C862ECC7539}.Release|x86.Build.0 = Release|x86
		{8FE65E2C-4A13-46FA-90FA-4C862ECC7539}.Release|Xbox 360.ActiveCfg = Release|x86
		{8FE65E2C-4A13-46FA-90FA-4C862ECC7539}.Release|Zune.ActiveCfg = Release|x86
		{C052F9EC-F1B3-4DBC-AD29-40C12BC7BE11}.Debug|Any CPU.ActiveCfg = Debug|x86
		{C052F9EC-F1B3-4DBC-AD29-40C12BC7BE11}.Debug|Mixed Platforms.ActiveCfg = Debug|x86
		{C052F9EC-F1B3-4DBC-AD29-40C12BC7BE11}.Debug|Mixed Platforms.Build.0 = Debug|x86
		{C052F9EC-F1B3-4DBC-AD29-40C12BC7BE11}.Debug|Win32.ActiveCfg = Debug|x86
		{C052F9EC-F1B3-4DBC-AD29-40C12BC7BE11}.Debug|x86.ActiveCfg = Debug|x86
		{C052F9EC-F1B3-4DBC-AD29-40C12BC7BE11}.Debug|x86.Build.0 = Debug|x86
		{C052F9EC-F1B3-4DBC-AD29-40C12BC7BE11}.Debug|Xbox 360.ActiveCfg = Debug|x86
		{C052F9EC-F1B3-4DBC-AD29-40C12BC7BE11}.Debug|Zune.ActiveCfg = Debug|x86
		{C052F9EC-F1B3-4DBC-AD29-40C12BC7BE11}.Release|Any CPU.ActiveCfg = Release|x86
		{C052F9EC-F1B3-4DBC-AD29-40C12BC7BE11}.Release|Mixed Platforms.ActiveCfg = Release|x86
		{C052F9EC-F1B3-4DBC-AD29-40C12BC7BE11}.Release|Mixed Platforms.Build.0 = Release|x86
		{C052F9EC-F1B3-4DBC-AD29-40C12BC7BE11}.Release|Win32.ActiveCfg = Release|x86
		{C052F9EC-F1B3-4DBC-AD29-40C12BC7BE11}.Release|x86.ActiveCfg = Release|x86
		{C052F9EC-F1B3-4DBC-AD29-40C12BC7BE11}.Release|x86.Build.0 = Release|x86
		{C052F9EC-F1B3-4DBC-AD29-40C12BC7BE11}.Release|Xbox 360.ActiveCfg = Release|x86
		{C052F9EC-F1B3-4DBC-AD29-40C12BC7BE11}.Release|Zune.ActiveCfg = Release|x86
		{7E77E038-FDB8-4633-9AB2-62EA083F65EC}.Debug|Any CPU.ActiveCfg = Debug|Any CPU
		{7E77E038-FDB8-4633-9AB2-62EA083F65EC}.Debug|Any CPU.Build.0 = Debug|Any CPU
		{7E77E038-FDB8-4633-9AB2-62EA083F65EC}.Debug|Mixed Platforms.ActiveCfg = Debug|x86
		{7E77E038-FDB8-4633-9AB2-62EA083F65EC}.Debug|Mixed Platforms.Build.0 = Debug|x86
		{7E77E038-FDB8-4633-9AB2-62EA083F65EC}.Debug|Win32.ActiveCfg = Debug|x86
		{7E77E038-FDB8-4633-9AB2-62EA083F65EC}.Debug|x86.ActiveCfg = Debug|x86
		{7E77E038-FDB8-4633-9AB2-62EA083F65EC}.Debug|x86.Build.0 = Debug|x86
		{7E77E038-FDB8-4633-9AB2-62EA083F65EC}.Debug|Xbox 360.ActiveCfg = Debug|x86
		{7E77E038-FDB8-4633-9AB2-62EA083F65EC}.Debug|Zune.ActiveCfg = Debug|x86
		{7E77E038-FDB8-4633-9AB2-62EA083F65EC}.Release|Any CPU.ActiveCfg = Release|Any CPU
		{7E77E038-FDB8-4633-9AB2-62EA083F65EC}.Release|Any CPU.Build.0 = Release|Any CPU
		{7E77E038-FDB8-4633-9AB2-62EA083F65EC}.Release|Mixed Platforms.ActiveCfg = Release|x86
		{7E77E038-FDB8-4633-9AB2-62EA083F65EC}.Release|Mixed Platforms.Build.0 = Release|x86
		{7E77E038-FDB8-4633-9AB2-62EA083F65EC}.Release|Win32.ActiveCfg = Release|x86
		{7E77E038-FDB8-4633-9AB2-62EA083F65EC}.Release|x86.ActiveCfg = Release|x86
		{7E77E038-FDB8-4633-9AB2-62EA083F65EC}.Release|x86.Build.0 = Release|x86
		{7E77E038-FDB8-4633-9AB2-62EA083F65EC}.Release|Xbox 360.ActiveCfg = Release|x86
		{7E77E038-FDB8-4633-9AB2-62EA083F65EC}.Release|Zune.ActiveCfg = Release|x86
		{D1ADD913-3FA7-4055-A879-D4DA8AF34966}.Debug|Any CPU.ActiveCfg = Debug|Zune
		{D1ADD913-3FA7-4055-A879-D4DA8AF34966}.Debug|Mixed Platforms.ActiveCfg = Debug|x86
		{D1ADD913-3FA7-4055-A879-D4DA8AF34966}.Debug|Mixed Platforms.Build.0 = Debug|x86
		{D1ADD913-3FA7-4055-A879-D4DA8AF34966}.Debug|Win32.ActiveCfg = Debug|Zune
		{D1ADD913-3FA7-4055-A879-D4DA8AF34966}.Debug|x86.ActiveCfg = Debug|x86
		{D1ADD913-3FA7-4055-A879-D4DA8AF34966}.Debug|x86.Build.0 = Debug|x86
		{D1ADD913-3FA7-4055-A879-D4DA8AF34966}.Debug|Xbox 360.ActiveCfg = Debug|Xbox 360
		{D1ADD913-3FA7-4055-A879-D4DA8AF34966}.Debug|Xbox 360.Build.0 = Debug|Xbox 360
		{D1ADD913-3FA7-4055-A879-D4DA8AF34966}.Debug|Zune.ActiveCfg = Debug|Zune
		{D1ADD913-3FA7-4055-A879-D4DA8AF34966}.Debug|Zune.Build.0 = Debug|Zune
		{D1ADD913-3FA7-4055-A879-D4DA8AF34966}.Release|Any CPU.ActiveCfg = Release|Zune
		{D1ADD913-3FA7-4055-A879-D4DA8AF34966}.Release|Mixed Platforms.ActiveCfg = Release|x86
		{D1ADD913-3FA7-4055-A879-D4DA8AF34966}.Release|Mixed Platforms.Build.0 = Release|x86
		{D1ADD913-3FA7-4055-A879-D4DA8AF34966}.Release|Win32.ActiveCfg = Release|Zune
		{D1ADD913-3FA7-4055-A879-D4DA8AF34966}.Release|x86.ActiveCfg = Release|x86
		{D1ADD913-3FA7-4055-A879-D4DA8AF34966}.Release|x86.Build.0 = Release|x86
		{D1ADD913-3FA7-4055-A879-D4DA8AF34966}.Release|Xbox 360.ActiveCfg = Release|Xbox 360
		{D1ADD913-3FA7-4055-A879-D4DA8AF34966}.Release|Xbox 360.Build.0 = Release|Xbox 360
		{D1ADD913-3FA7-4055-A879-D4DA8AF34966}.Release|Zune.ActiveCfg = Release|Zune
		{D1ADD913-3FA7-4055-A879-D4DA8AF34966}.Release|Zune.Build.0 = Release|Zune
		{C50179F4-3871-4E27-8414-96E465088B37}.Debug|Any CPU.ActiveCfg = Debug|x86
		{C50179F4-3871-4E27-8414-96E465088B37}.Debug|Mixed Platforms.ActiveCfg = Debug|x86
		{C50179F4-3871-4E27-8414-96E465088B37}.Debug|Mixed Platforms.Build.0 = Debug|x86
		{C50179F4-3871-4E27-8414-96E465088B37}.Debug|Win32.ActiveCfg = Debug|x86
		{C50179F4-3871-4E27-8414-96E465088B37}.Debug|x86.ActiveCfg = Debug|x86
		{C50179F4-3871-4E27-8414-96E465088B37}.Debug|x86.Build.0 = Debug|x86
		{C50179F4-3871-4E27-8414-96E465088B37}.Debug|Xbox 360.ActiveCfg = Debug|x86
		{C50179F4-3871-4E27-8414-96E465088B37}.Debug|Zune.ActiveCfg = Debug|x86
		{C50179F4-3871-4E27-8414-96E465088B37}.Release|Any CPU.ActiveCfg = Release|x86
		{C50179F4-3871-4E27-8414-96E465088B37}.Release|Mixed Platforms.ActiveCfg = Release|x86
		{C50179F4-3871-4E27-8414-96E465088B37}.Release|Mixed Platforms.Build.0 = Release|x86
		{C50179F4-3871-4E27-8414-96E465088B37}.Release|Win32.ActiveCfg = Release|x86
		{C50179F4-3871-4E27-8414-96E465088B37}.Release|x86.ActiveCfg = Release|x86
		{C50179F4-3871-4E27-8414-96E465088B37}.Release|x86.Build.0 = Release|x86
		{C50179F4-3871-4E27-8414-96E465088B37}.Release|Xbox 360.ActiveCfg = Release|x86
		{C50179F4-3871-4E27-8414-96E465088B37}.Release|Zune.ActiveCfg = Release|x86
		{688F80B8-515E-4BCB-A276-C4D79D460491}.Debug|Any CPU.ActiveCfg = Debug|Any CPU
		{688F80B8-515E-4BCB-A276-C4D79D460491}.Debug|Any CPU.Build.0 = Debug|Any CPU
		{688F80B8-515E-4BCB-A276-C4D79D460491}.Debug|Mixed Platforms.ActiveCfg = Debug|x86
		{688F80B8-515E-4BCB-A276-C4D79D460491}.Debug|Mixed Platforms.Build.0 = Debug|x86
		{688F80B8-515E-4BCB-A276-C4D79D460491}.Debug|Win32.ActiveCfg = Debug|x86
		{688F80B8-515E-4BCB-A276-C4D79D460491}.Debug|x86.ActiveCfg = Debug|x86
		{688F80B8-515E-4BCB-A276-C4D79D460491}.Debug|x86.Build.0 = Debug|x86
		{688F80B8-515E-4BCB-A276-C4D79D460491}.Debug|Xbox 360.ActiveCfg = Debug|Any CPU
		{688F80B8-515E-4BCB-A276-C4D79D460491}.Debug|Zune.ActiveCfg = Debug|Any CPU
		{688F80B8-515E-4BCB-A276-C4D79D460491}.Release|Any CPU.ActiveCfg = Release|Any CPU
		{688F80B8-515E-4BCB-A276-C4D79D460491}.Release|Any CPU.Build.0 = Release|Any CPU
		{688F80B8-515E-4BCB-A276-C4D79D460491}.Release|Mixed Platforms.ActiveCfg = Release|x86
		{688F80B8-515E-4BCB-A276-C4D79D460491}.Release|Mixed Platforms.Build.0 = Release|x86
		{688F80B8-515E-4BCB-A276-C4D79D460491}.Release|Win32.ActiveCfg = Release|x86
		{688F80B8-515E-4BCB-A276-C4D79D460491}.Release|x86.ActiveCfg = Release|x86
		{688F80B8-515E-4BCB-A276-C4D79D460491}.Release|x86.Build.0 = Release|x86
		{688F80B8-515E-4BCB-A276-C4D79D460491}.Release|Xbox 360.ActiveCfg = Release|Any CPU
		{688F80B8-515E-4BCB-A276-C4D79D460491}.Release|Zune.ActiveCfg = Release|Any CPU
		{230F9E77-9B22-44D4-A8E1-CF0C6690B577}.Debug|Any CPU.ActiveCfg = Debug|Any CPU
		{230F9E77-9B22-44D4-A8E1-CF0C6690B577}.Debug|Any CPU.Build.0 = Debug|Any CPU
		{230F9E77-9B22-44D4-A8E1-CF0C6690B577}.Debug|Mixed Platforms.ActiveCfg = Debug|x86
		{230F9E77-9B22-44D4-A8E1-CF0C6690B577}.Debug|Mixed Platforms.Build.0 = Debug|x86
		{230F9E77-9B22-44D4-A8E1-CF0C6690B577}.Debug|Win32.ActiveCfg = Debug|Any CPU
		{230F9E77-9B22-44D4-A8E1-CF0C6690B577}.Debug|x86.ActiveCfg = Debug|Any CPU
		{230F9E77-9B22-44D4-A8E1-CF0C6690B577}.Debug|Xbox 360.ActiveCfg = Debug|Any CPU
		{230F9E77-9B22-44D4-A8E1-CF0C6690B577}.Debug|Zune.ActiveCfg = Debug|Any CPU
		{230F9E77-9B22-44D4-A8E1-CF0C6690B577}.Release|Any CPU.ActiveCfg = Release|Any CPU
		{230F9E77-9B22-44D4-A8E1-CF0C6690B577}.Release|Any CPU.Build.0 = Release|Any CPU
		{230F9E77-9B22-44D4-A8E1-CF0C6690B577}.Release|Mixed Platforms.ActiveCfg = Release|x86
		{230F9E77-9B22-44D4-A8E1-CF0C6690B577}.Release|Mixed Platforms.Build.0 = Release|x86
		{230F9E77-9B22-44D4-A8E1-CF0C6690B577}.Release|Win32.ActiveCfg = Release|Any CPU
		{230F9E77-9B22-44D4-A8E1-CF0C6690B577}.Release|x86.ActiveCfg = Release|Any CPU
		{230F9E77-9B22-44D4-A8E1-CF0C6690B577}.Release|Xbox 360.ActiveCfg = Release|Any CPU
		{230F9E77-9B22-44D4-A8E1-CF0C6690B577}.Release|Zune.ActiveCfg = Release|Any CPU
		{D2794AC3-19C1-4D63-8C50-E62BE7288139}.Debug|Any CPU.ActiveCfg = Debug|x86
		{D2794AC3-19C1-4D63-8C50-E62BE7288139}.Debug|Mixed Platforms.ActiveCfg = Debug|x86
		{D2794AC3-19C1-4D63-8C50-E62BE7288139}.Debug|Mixed Platforms.Build.0 = Debug|x86
		{D2794AC3-19C1-4D63-8C50-E62BE7288139}.Debug|Win32.ActiveCfg = Debug|x86
		{D2794AC3-19C1-4D63-8C50-E62BE7288139}.Debug|x86.ActiveCfg = Debug|x86
		{D2794AC3-19C1-4D63-8C50-E62BE7288139}.Debug|x86.Build.0 = Debug|x86
		{D2794AC3-19C1-4D63-8C50-E62BE7288139}.Debug|Xbox 360.ActiveCfg = Debug|x86
		{D2794AC3-19C1-4D63-8C50-E62BE7288139}.Debug|Zune.ActiveCfg = Debug|x86
		{D2794AC3-19C1-4D63-8C50-E62BE7288139}.Release|Any CPU.ActiveCfg = Release|x86
		{D2794AC3-19C1-4D63-8C50-E62BE7288139}.Release|Mixed Platforms.ActiveCfg = Release|x86
		{D2794AC3-19C1-4D63-8C50-E62BE7288139}.Release|Mixed Platforms.Build.0 = Release|x86
		{D2794AC3-19C1-4D63-8C50-E62BE7288139}.Release|Win32.ActiveCfg = Release|x86
		{D2794AC3-19C1-4D63-8C50-E62BE7288139}.Release|x86.ActiveCfg = Release|x86
		{D2794AC3-19C1-4D63-8C50-E62BE7288139}.Release|x86.Build.0 = Release|x86
		{D2794AC3-19C1-4D63-8C50-E62BE7288139}.Release|Xbox 360.ActiveCfg = Release|x86
		{D2794AC3-19C1-4D63-8C50-E62BE7288139}.Release|Zune.ActiveCfg = Release|x86
		{3C6ABDCD-0C5A-4619-BBED-7C77C2ACC0DF}.Debug|Any CPU.ActiveCfg = Debug|x86
		{3C6ABDCD-0C5A-4619-BBED-7C77C2ACC0DF}.Debug|Mixed Platforms.ActiveCfg = Debug|x86
		{3C6ABDCD-0C5A-4619-BBED-7C77C2ACC0DF}.Debug|Win32.ActiveCfg = Debug|x86
		{3C6ABDCD-0C5A-4619-BBED-7C77C2ACC0DF}.Debug|x86.ActiveCfg = Debug|x86
		{3C6ABDCD-0C5A-4619-BBED-7C77C2ACC0DF}.Debug|Xbox 360.ActiveCfg = Debug|x86
		{3C6ABDCD-0C5A-4619-BBED-7C77C2ACC0DF}.Debug|Zune.ActiveCfg = Debug|x86
		{3C6ABDCD-0C5A-4619-BBED-7C77C2ACC0DF}.Release|Any CPU.ActiveCfg = Release|x86
		{3C6ABDCD-0C5A-4619-BBED-7C77C2ACC0DF}.Release|Mixed Platforms.ActiveCfg = Release|x86
		{3C6ABDCD-0C5A-4619-BBED-7C77C2ACC0DF}.Release|Win32.ActiveCfg = Release|x86
		{3C6ABDCD-0C5A-4619-BBED-7C77C2ACC0DF}.Release|x86.ActiveCfg = Release|x86
		{3C6ABDCD-0C5A-4619-BBED-7C77C2ACC0DF}.Release|Xbox 360.ActiveCfg = Release|x86
		{3C6ABDCD-0C5A-4619-BBED-7C77C2ACC0DF}.Release|Zune.ActiveCfg = Release|x86
		{C461B2A8-C355-4E6E-B375-D799DC65A55D}.Debug|Any CPU.ActiveCfg = Debug|x86
		{C461B2A8-C355-4E6E-B375-D799DC65A55D}.Debug|Mixed Platforms.ActiveCfg = Debug|x86
		{C461B2A8-C355-4E6E-B375-D799DC65A55D}.Debug|Win32.ActiveCfg = Debug|x86
		{C461B2A8-C355-4E6E-B375-D799DC65A55D}.Debug|x86.ActiveCfg = Debug|x86
		{C461B2A8-C355-4E6E-B375-D799DC65A55D}.Debug|Xbox 360.ActiveCfg = Debug|x86
		{C461B2A8-C355-4E6E-B375-D799DC65A55D}.Debug|Zune.ActiveCfg = Debug|x86
		{C461B2A8-C355-4E6E-B375-D799DC65A55D}.Release|Any CPU.ActiveCfg = Release|x86
		{C461B2A8-C355-4E6E-B375-D799DC65A55D}.Release|Mixed Platforms.ActiveCfg = Release|x86
		{C461B2A8-C355-4E6E-B375-D799DC65A55D}.Release|Win32.ActiveCfg = Release|x86
		{C461B2A8-C355-4E6E-B375-D799DC65A55D}.Release|x86.ActiveCfg = Release|x86
		{C461B2A8-C355-4E6E-B375-D799DC65A55D}.Release|Xbox 360.ActiveCfg = Release|x86
		{C461B2A8-C355-4E6E-B375-D799DC65A55D}.Release|Zune.ActiveCfg = Release|x86
		{70D0BA5A-F50F-41BA-9E99-1A6394E1288C}.Debug|Any CPU.ActiveCfg = Debug|x86
		{70D0BA5A-F50F-41BA-9E99-1A6394E1288C}.Debug|Mixed Platforms.ActiveCfg = Debug|x86
		{70D0BA5A-F50F-41BA-9E99-1A6394E1288C}.Debug|Win32.ActiveCfg = Debug|x86
		{70D0BA5A-F50F-41BA-9E99-1A6394E1288C}.Debug|x86.ActiveCfg = Debug|x86
		{70D0BA5A-F50F-41BA-9E99-1A6394E1288C}.Debug|Xbox 360.ActiveCfg = Debug|x86
		{70D0BA5A-F50F-41BA-9E99-1A6394E1288C}.Debug|Zune.ActiveCfg = Debug|x86
		{70D0BA5A-F50F-41BA-9E99-1A6394E1288C}.Release|Any CPU.ActiveCfg = Release|x86
		{70D0BA5A-F50F-41BA-9E99-1A6394E1288C}.Release|Mixed Platforms.ActiveCfg = Release|x86
		{70D0BA5A-F50F-41BA-9E99-1A6394E1288C}.Release|Win32.ActiveCfg = Release|x86
		{70D0BA5A-F50F-41BA-9E99-1A6394E1288C}.Release|x86.ActiveCfg = Release|x86
		{70D0BA5A-F50F-41BA-9E99-1A6394E1288C}.Release|Xbox 360.ActiveCfg = Release|x86
		{70D0BA5A-F50F-41BA-9E99-1A6394E1288C}.Release|Zune.ActiveCfg = Release|x86
		{DB74DE01-9BD1-4FA2-9F46-774A55FDE0D5}.Debug|Any CPU.ActiveCfg = Debug|x86
		{DB74DE01-9BD1-4FA2-9F46-774A55FDE0D5}.Debug|Mixed Platforms.ActiveCfg = Debug|x86
		{DB74DE01-9BD1-4FA2-9F46-774A55FDE0D5}.Debug|Win32.ActiveCfg = Debug|x86
		{DB74DE01-9BD1-4FA2-9F46-774A55FDE0D5}.Debug|x86.ActiveCfg = Debug|x86
		{DB74DE01-9BD1-4FA2-9F46-774A55FDE0D5}.Debug|Xbox 360.ActiveCfg = Debug|x86
		{DB74DE01-9BD1-4FA2-9F46-774A55FDE0D5}.Debug|Zune.ActiveCfg = Debug|x86
		{DB74DE01-9BD1-4FA2-9F46-774A55FDE0D5}.Release|Any CPU.ActiveCfg = Release|x86
		{DB74DE01-9BD1-4FA2-9F46-774A55FDE0D5}.Release|Mixed Platforms.ActiveCfg = Release|x86
		{DB74DE01-9BD1-4FA2-9F46-774A55FDE0D5}.Release|Win32.ActiveCfg = Release|x86
		{DB74DE01-9BD1-4FA2-9F46-774A55FDE0D5}.Release|x86.ActiveCfg = Release|x86
		{DB74DE01-9BD1-4FA2-9F46-774A55FDE0D5}.Release|Xbox 360.ActiveCfg = Release|x86
		{DB74DE01-9BD1-4FA2-9F46-774A55FDE0D5}.Release|Zune.ActiveCfg = Release|x86
		{CC43B7D4-BCF7-4118-95E8-26B515716F21}.Debug|Any CPU.ActiveCfg = Debug|x86
		{CC43B7D4-BCF7-4118-95E8-26B515716F21}.Debug|Mixed Platforms.ActiveCfg = Debug|x86
		{CC43B7D4-BCF7-4118-95E8-26B515716F21}.Debug|Win32.ActiveCfg = Debug|x86
		{CC43B7D4-BCF7-4118-95E8-26B515716F21}.Debug|x86.ActiveCfg = Debug|x86
		{CC43B7D4-BCF7-4118-95E8-26B515716F21}.Debug|Xbox 360.ActiveCfg = Debug|x86
		{CC43B7D4-BCF7-4118-95E8-26B515716F21}.Debug|Zune.ActiveCfg = Debug|x86
		{CC43B7D4-BCF7-4118-95E8-26B515716F21}.Release|Any CPU.ActiveCfg = Release|x86
		{CC43B7D4-BCF7-4118-95E8-26B515716F21}.Release|Mixed Platforms.ActiveCfg = Release|x86
		{CC43B7D4-BCF7-4118-95E8-26B515716F21}.Release|Win32.ActiveCfg = Release|x86
		{CC43B7D4-BCF7-4118-95E8-26B515716F21}.Release|x86.ActiveCfg = Release|x86
		{CC43B7D4-BCF7-4118-95E8-26B515716F21}.Release|Xbox 360.ActiveCfg = Release|x86
		{CC43B7D4-BCF7-4118-95E8-26B515716F21}.Release|Zune.ActiveCfg = Release|x86
		{C72AF759-C535-4720-B13E-F4B76E1D4E38}.Debug|Any CPU.ActiveCfg = Debug|x86
		{C72AF759-C535-4720-B13E-F4B76E1D4E38}.Debug|Mixed Platforms.ActiveCfg = Debug|x86
		{C72AF759-C535-4720-B13E-F4B76E1D4E38}.Debug|Win32.ActiveCfg = Debug|x86
		{C72AF759-C535-4720-B13E-F4B76E1D4E38}.Debug|x86.ActiveCfg = Debug|x86
		{C72AF759-C535-4720-B13E-F4B76E1D4E38}.Debug|Xbox 360.ActiveCfg = Debug|x86
		{C72AF759-C535-4720-B13E-F4B76E1D4E38}.Debug|Zune.ActiveCfg = Debug|x86
		{C72AF759-C535-4720-B13E-F4B76E1D4E38}.Release|Any CPU.ActiveCfg = Release|x86
		{C72AF759-C535-4720-B13E-F4B76E1D4E38}.Release|Mixed Platforms.ActiveCfg = Release|x86
		{C72AF759-C535-4720-B13E-F4B76E1D4E38}.Release|Win32.ActiveCfg = Release|x86
		{C72AF759-C535-4720-B13E-F4B76E1D4E38}.Release|x86.ActiveCfg = Release|x86
		{C72AF759-C535-4720-B13E-F4B76E1D4E38}.Release|Xbox 360.ActiveCfg = Release|x86
		{C72AF759-C535-4720-B13E-F4B76E1D4E38}.Release|Zune.ActiveCfg = Release|x86
		{26D097E2-EBD5-48E4-84C5-CC30E1CDD010}.Debug|Any CPU.ActiveCfg = Debug|x86
		{26D097E2-EBD5-48E4-84C5-CC30E1CDD010}.Debug|Mixed Platforms.ActiveCfg = Debug|x86
		{26D097E2-EBD5-48E4-84C5-CC30E1CDD010}.Debug|Win32.ActiveCfg = Debug|x86
		{26D097E2-EBD5-48E4-84C5-CC30E1CDD010}.Debug|x86.ActiveCfg = Debug|x86
		{26D097E2-EBD5-48E4-84C5-CC30E1CDD010}.Debug|Xbox 360.ActiveCfg = Debug|x86
		{26D097E2-EBD5-48E4-84C5-CC30E1CDD010}.Debug|Zune.ActiveCfg = Debug|x86
		{26D097E2-EBD5-48E4-84C5-CC30E1CDD010}.Release|Any CPU.ActiveCfg = Release|x86
		{26D097E2-EBD5-48E4-84C5-CC30E1CDD010}.Release|Mixed Platforms.ActiveCfg = Release|x86
		{26D097E2-EBD5-48E4-84C5-CC30E1CDD010}.Release|Win32.ActiveCfg = Release|x86
		{26D097E2-EBD5-48E4-84C5-CC30E1CDD010}.Release|x86.ActiveCfg = Release|x86
		{26D097E2-EBD5-48E4-84C5-CC30E1CDD010}.Release|Xbox 360.ActiveCfg = Release|x86
		{26D097E2-EBD5-48E4-84C5-CC30E1CDD010}.Release|Zune.ActiveCfg = Release|x86
		{0A60E294-ED79-4639-8222-CECAE748678A}.Debug|Any CPU.ActiveCfg = Debug|Xbox 360
		{0A60E294-ED79-4639-8222-CECAE748678A}.Debug|Mixed Platforms.ActiveCfg = Debug|Xbox 360
		{0A60E294-ED79-4639-8222-CECAE748678A}.Debug|Mixed Platforms.Build.0 = Debug|Xbox 360
		{0A60E294-ED79-4639-8222-CECAE748678A}.Debug|Win32.ActiveCfg = Debug|Xbox 360
		{0A60E294-ED79-4639-8222-CECAE748678A}.Debug|x86.ActiveCfg = Debug|Xbox 360
		{0A60E294-ED79-4639-8222-CECAE748678A}.Debug|Xbox 360.ActiveCfg = Debug|Xbox 360
		{0A60E294-ED79-4639-8222-CECAE748678A}.Debug|Xbox 360.Build.0 = Debug|Xbox 360
		{0A60E294-ED79-4639-8222-CECAE748678A}.Debug|Zune.ActiveCfg = Debug|Xbox 360
		{0A60E294-ED79-4639-8222-CECAE748678A}.Release|Any CPU.ActiveCfg = Release|Xbox 360
		{0A60E294-ED79-4639-8222-CECAE748678A}.Release|Mixed Platforms.ActiveCfg = Release|Xbox 360
		{0A60E294-ED79-4639-8222-CECAE748678A}.Release|Mixed Platforms.Build.0 = Release|Xbox 360
		{0A60E294-ED79-4639-8222-CECAE748678A}.Release|Win32.ActiveCfg = Release|Xbox 360
		{0A60E294-ED79-4639-8222-CECAE748678A}.Release|x86.ActiveCfg = Release|Xbox 360
		{0A60E294-ED79-4639-8222-CECAE748678A}.Release|Xbox 360.ActiveCfg = Release|Xbox 360
		{0A60E294-ED79-4639-8222-CECAE748678A}.Release|Xbox 360.Build.0 = Release|Xbox 360
		{0A60E294-ED79-4639-8222-CECAE748678A}.Release|Zune.ActiveCfg = Release|Xbox 360
		{6D3BBE07-349E-43AB-92FC-EAD6223EE135}.Debug|Any CPU.ActiveCfg = Debug|Xbox 360
		{6D3BBE07-349E-43AB-92FC-EAD6223EE135}.Debug|Mixed Platforms.ActiveCfg = Debug|Xbox 360
		{6D3BBE07-349E-43AB-92FC-EAD6223EE135}.Debug|Mixed Platforms.Build.0 = Debug|Xbox 360
		{6D3BBE07-349E-43AB-92FC-EAD6223EE135}.Debug|Win32.ActiveCfg = Debug|Xbox 360
		{6D3BBE07-349E-43AB-92FC-EAD6223EE135}.Debug|x86.ActiveCfg = Debug|Xbox 360
		{6D3BBE07-349E-43AB-92FC-EAD6223EE135}.Debug|Xbox 360.ActiveCfg = Debug|Xbox 360
		{6D3BBE07-349E-43AB-92FC-EAD6223EE135}.Debug|Xbox 360.Build.0 = Debug|Xbox 360
		{6D3BBE07-349E-43AB-92FC-EAD6223EE135}.Debug|Zune.ActiveCfg = Debug|Xbox 360
		{6D3BBE07-349E-43AB-92FC-EAD6223EE135}.Release|Any CPU.ActiveCfg = Release|Xbox 360
		{6D3BBE07-349E-43AB-92FC-EAD6223EE135}.Release|Mixed Platforms.ActiveCfg = Release|Xbox 360
		{6D3BBE07-349E-43AB-92FC-EAD6223EE135}.Release|Mixed Platforms.Build.0 = Release|Xbox 360
		{6D3BBE07-349E-43AB-92FC-EAD6223EE135}.Release|Win32.ActiveCfg = Release|Xbox 360
		{6D3BBE07-349E-43AB-92FC-EAD6223EE135}.Release|x86.ActiveCfg = Release|Xbox 360
		{6D3BBE07-349E-43AB-92FC-EAD6223EE135}.Release|Xbox 360.ActiveCfg = Release|Xbox 360
		{6D3BBE07-349E-43AB-92FC-EAD6223EE135}.Release|Xbox 360.Build.0 = Release|Xbox 360
		{6D3BBE07-349E-43AB-92FC-EAD6223EE135}.Release|Zune.ActiveCfg = Release|Xbox 360
		{48F03453-C2BC-4F8F-A13C-6792044D1CF6}.Debug|Any CPU.ActiveCfg = Debug|Xbox 360
		{48F03453-C2BC-4F8F-A13C-6792044D1CF6}.Debug|Mixed Platforms.ActiveCfg = Debug|Xbox 360
		{48F03453-C2BC-4F8F-A13C-6792044D1CF6}.Debug|Mixed Platforms.Build.0 = Debug|Xbox 360
		{48F03453-C2BC-4F8F-A13C-6792044D1CF6}.Debug|Win32.ActiveCfg = Debug|Xbox 360
		{48F03453-C2BC-4F8F-A13C-6792044D1CF6}.Debug|x86.ActiveCfg = Debug|Xbox 360
		{48F03453-C2BC-4F8F-A13C-6792044D1CF6}.Debug|Xbox 360.ActiveCfg = Debug|Xbox 360
		{48F03453-C2BC-4F8F-A13C-6792044D1CF6}.Debug|Xbox 360.Build.0 = Debug|Xbox 360
		{48F03453-C2BC-4F8F-A13C-6792044D1CF6}.Debug|Zune.ActiveCfg = Debug|Xbox 360
		{48F03453-C2BC-4F8F-A13C-6792044D1CF6}.Release|Any CPU.ActiveCfg = Release|Xbox 360
		{48F03453-C2BC-4F8F-A13C-6792044D1CF6}.Release|Mixed Platforms.ActiveCfg = Release|Xbox 360
		{48F03453-C2BC-4F8F-A13C-6792044D1CF6}.Release|Mixed Platforms.Build.0 = Release|Xbox 360
		{48F03453-C2BC-4F8F-A13C-6792044D1CF6}.Release|Win32.ActiveCfg = Release|Xbox 360
		{48F03453-C2BC-4F8F-A13C-6792044D1CF6}.Release|x86.ActiveCfg = Release|Xbox 360
		{48F03453-C2BC-4F8F-A13C-6792044D1CF6}.Release|Xbox 360.ActiveCfg = Release|Xbox 360
		{48F03453-C2BC-4F8F-A13C-6792044D1CF6}.Release|Xbox 360.Build.0 = Release|Xbox 360
		{48F03453-C2BC-4F8F-A13C-6792044D1CF6}.Release|Zune.ActiveCfg = Release|Xbox 360
		{5267F64F-73DB-4F3F-8135-C884FF317E53}.Debug|Any CPU.ActiveCfg = Debug|Xbox 360
		{5267F64F-73DB-4F3F-8135-C884FF317E53}.Debug|Mixed Platforms.ActiveCfg = Debug|Xbox 360
		{5267F64F-73DB-4F3F-8135-C884FF317E53}.Debug|Mixed Platforms.Build.0 = Debug|Xbox 360
		{5267F64F-73DB-4F3F-8135-C884FF317E53}.Debug|Win32.ActiveCfg = Debug|Xbox 360
		{5267F64F-73DB-4F3F-8135-C884FF317E53}.Debug|x86.ActiveCfg = Debug|Xbox 360
		{5267F64F-73DB-4F3F-8135-C884FF317E53}.Debug|Xbox 360.ActiveCfg = Debug|Xbox 360
		{5267F64F-73DB-4F3F-8135-C884FF317E53}.Debug|Xbox 360.Build.0 = Debug|Xbox 360
		{5267F64F-73DB-4F3F-8135-C884FF317E53}.Debug|Zune.ActiveCfg = Debug|Xbox 360
		{5267F64F-73DB-4F3F-8135-C884FF317E53}.Release|Any CPU.ActiveCfg = Release|Xbox 360
		{5267F64F-73DB-4F3F-8135-C884FF317E53}.Release|Mixed Platforms.ActiveCfg = Release|Xbox 360
		{5267F64F-73DB-4F3F-8135-C884FF317E53}.Release|Mixed Platforms.Build.0 = Release|Xbox 360
		{5267F64F-73DB-4F3F-8135-C884FF317E53}.Release|Win32.ActiveCfg = Release|Xbox 360
		{5267F64F-73DB-4F3F-8135-C884FF317E53}.Release|x86.ActiveCfg = Release|Xbox 360
		{5267F64F-73DB-4F3F-8135-C884FF317E53}.Release|Xbox 360.ActiveCfg = Release|Xbox 360
		{5267F64F-73DB-4F3F-8135-C884FF317E53}.Release|Xbox 360.Build.0 = Release|Xbox 360
		{5267F64F-73DB-4F3F-8135-C884FF317E53}.Release|Zune.ActiveCfg = Release|Xbox 360
		{8E3E7BB7-404D-4A4B-A9F1-478A8C98D5E3}.Debug|Any CPU.ActiveCfg = Debug|x86
		{8E3E7BB7-404D-4A4B-A9F1-478A8C98D5E3}.Debug|Mixed Platforms.ActiveCfg = Debug|x86
		{8E3E7BB7-404D-4A4B-A9F1-478A8C98D5E3}.Debug|Mixed Platforms.Build.0 = Debug|x86
		{8E3E7BB7-404D-4A4B-A9F1-478A8C98D5E3}.Debug|Win32.ActiveCfg = Debug|x86
		{8E3E7BB7-404D-4A4B-A9F1-478A8C98D5E3}.Debug|x86.ActiveCfg = Debug|x86
		{8E3E7BB7-404D-4A4B-A9F1-478A8C98D5E3}.Debug|x86.Build.0 = Debug|x86
		{8E3E7BB7-404D-4A4B-A9F1-478A8C98D5E3}.Debug|Xbox 360.ActiveCfg = Debug|x86
		{8E3E7BB7-404D-4A4B-A9F1-478A8C98D5E3}.Debug|Zune.ActiveCfg = Debug|x86
		{8E3E7BB7-404D-4A4B-A9F1-478A8C98D5E3}.Release|Any CPU.ActiveCfg = Release|x86
		{8E3E7BB7-404D-4A4B-A9F1-478A8C98D5E3}.Release|Mixed Platforms.ActiveCfg = Release|x86
		{8E3E7BB7-404D-4A4B-A9F1-478A8C98D5E3}.Release|Mixed Platforms.Build.0 = Release|x86
		{8E3E7BB7-404D-4A4B-A9F1-478A8C98D5E3}.Release|Win32.ActiveCfg = Release|x86
		{8E3E7BB7-404D-4A4B-A9F1-478A8C98D5E3}.Release|x86.ActiveCfg = Release|x86
		{8E3E7BB7-404D-4A4B-A9F1-478A8C98D5E3}.Release|x86.Build.0 = Release|x86
		{8E3E7BB7-404D-4A4B-A9F1-478A8C98D5E3}.Release|Xbox 360.ActiveCfg = Release|x86
		{8E3E7BB7-404D-4A4B-A9F1-478A8C98D5E3}.Release|Zune.ActiveCfg = Release|x86
		{9C8A8DEB-A873-460B-8989-11A139D1D35A}.Debug|Any CPU.ActiveCfg = Debug|x86
		{9C8A8DEB-A873-460B-8989-11A139D1D35A}.Debug|Mixed Platforms.ActiveCfg = Debug|x86
		{9C8A8DEB-A873-460B-8989-11A139D1D35A}.Debug|Win32.ActiveCfg = Debug|x86
		{9C8A8DEB-A873-460B-8989-11A139D1D35A}.Debug|x86.ActiveCfg = Debug|x86
		{9C8A8DEB-A873-460B-8989-11A139D1D35A}.Debug|Xbox 360.ActiveCfg = Debug|x86
		{9C8A8DEB-A873-460B-8989-11A139D1D35A}.Debug|Zune.ActiveCfg = Debug|x86
		{9C8A8DEB-A873-460B-8989-11A139D1D35A}.Release|Any CPU.ActiveCfg = Release|x86
		{9C8A8DEB-A873-460B-8989-11A139D1D35A}.Release|Mixed Platforms.ActiveCfg = Release|x86
		{9C8A8DEB-A873-460B-8989-11A139D1D35A}.Release|Win32.ActiveCfg = Release|x86
		{9C8A8DEB-A873-460B-8989-11A139D1D35A}.Release|x86.ActiveCfg = Release|x86
		{9C8A8DEB-A873-460B-8989-11A139D1D35A}.Release|Xbox 360.ActiveCfg = Release|x86
		{9C8A8DEB-A873-460B-8989-11A139D1D35A}.Release|Zune.ActiveCfg = Release|x86
		{1D9637A5-6539-4E82-B54F-275A20E655A9}.Debug|Any CPU.ActiveCfg = Debug|Xbox 360
		{1D9637A5-6539-4E82-B54F-275A20E655A9}.Debug|Mixed Platforms.ActiveCfg = Debug|Xbox 360
		{1D9637A5-6539-4E82-B54F-275A20E655A9}.Debug|Mixed Platforms.Build.0 = Debug|Xbox 360
		{1D9637A5-6539-4E82-B54F-275A20E655A9}.Debug|Win32.ActiveCfg = Debug|Xbox 360
		{1D9637A5-6539-4E82-B54F-275A20E655A9}.Debug|x86.ActiveCfg = Debug|Xbox 360
		{1D9637A5-6539-4E82-B54F-275A20E655A9}.Debug|Xbox 360.ActiveCfg = Debug|Xbox 360
		{1D9637A5-6539-4E82-B54F-275A20E655A9}.Debug|Xbox 360.Build.0 = Debug|Xbox 360
		{1D9637A5-6539-4E82-B54F-275A20E655A9}.Debug|Zune.ActiveCfg = Debug|Xbox 360
		{1D9637A5-6539-4E82-B54F-275A20E655A9}.Release|Any CPU.ActiveCfg = Release|Xbox 360
		{1D9637A5-6539-4E82-B54F-275A20E655A9}.Release|Mixed Platforms.ActiveCfg = Release|Xbox 360
		{1D9637A5-6539-4E82-B54F-275A20E655A9}.Release|Mixed Platforms.Build.0 = Release|Xbox 360
		{1D9637A5-6539-4E82-B54F-275A20E655A9}.Release|Win32.ActiveCfg = Release|Xbox 360
		{1D9637A5-6539-4E82-B54F-275A20E655A9}.Release|x86.ActiveCfg = Release|Xbox 360
		{1D9637A5-6539-4E82-B54F-275A20E655A9}.Release|Xbox 360.ActiveCfg = Release|Xbox 360
		{1D9637A5-6539-4E82-B54F-275A20E655A9}.Release|Xbox 360.Build.0 = Release|Xbox 360
		{1D9637A5-6539-4E82-B54F-275A20E655A9}.Release|Zune.ActiveCfg = Release|Xbox 360
	EndGlobalSection
	GlobalSection(SolutionProperties) = preSolution
		HideSolutionNode = FALSE
	EndGlobalSection
EndGlobal
