
Microsoft Visual Studio Solution File, Format Version 9.00
# Visual Studio 2005
Project("{FAE04EC0-301F-11D3-BF4B-00C04F79EFBC}") = "Unsigned", "Unsigned\Unsigned.csproj", "{3C81D109-9354-4BEC-BE0C-9D186C76C323}"
	ProjectSection(WebsiteProperties) = preProject
		Debug.AspNetCompiler.Debug = "True"
		Release.AspNetCompiler.Debug = "False"
	EndProjectSection
EndProject
Project("{FAE04EC0-301F-11D3-BF4B-00C04F79EFBC}") = "SkinnedModelPipeline", "SkinnedModelPipeline\SkinnedModelPipeline.csproj", "{007DFB20-8DAF-4088-BB0A-C5EB0282E679}"
	ProjectSection(WebsiteProperties) = preProject
		Debug.AspNetCompiler.Debug = "True"
		Release.AspNetCompiler.Debug = "False"
	EndProjectSection
EndProject
Project("{FAE04EC0-301F-11D3-BF4B-00C04F79EFBC}") = "SkinnedModelWindows", "SkinnedModel\SkinnedModelWindows.csproj", "{0D41E29B-829F-4255-BCA5-64DC2677DA6D}"
	ProjectSection(WebsiteProperties) = preProject
		Debug.AspNetCompiler.Debug = "True"
		Release.AspNetCompiler.Debug = "False"
	EndProjectSection
EndProject
Project("{FAE04EC0-301F-11D3-BF4B-00C04F79EFBC}") = "chart2unsigned", "chart2unsigned\chart2unsigned.csproj", "{2A253200-5922-4192-B803-87655EDAFFFF}"
	ProjectSection(WebsiteProperties) = preProject
		Debug.AspNetCompiler.Debug = "True"
		Release.AspNetCompiler.Debug = "False"
	EndProjectSection
EndProject
Project("{FAE04EC0-301F-11D3-BF4B-00C04F79EFBC}") = "VenueCompiler", "VenueCompiler\VenueCompiler.csproj", "{230F9E77-9B22-44D4-A8E1-CF0C6690B577}"
	ProjectSection(WebsiteProperties) = preProject
		Debug.AspNetCompiler.Debug = "True"
		Release.AspNetCompiler.Debug = "False"
	EndProjectSection
EndProject
Global
	GlobalSection(SolutionConfigurationPlatforms) = preSolution
		Debug|Any CPU = Debug|Any CPU
		Debug|Mixed Platforms = Debug|Mixed Platforms
		Debug|Win32 = Debug|Win32
		Debug|x86 = Debug|x86
		Debug|Xbox 360 = Debug|Xbox 360
		Release|Any CPU = Release|Any CPU
		Release|Mixed Platforms = Release|Mixed Platforms
		Release|Win32 = Release|Win32
		Release|x86 = Release|x86
		Release|Xbox 360 = Release|Xbox 360
	EndGlobalSection
	GlobalSection(ProjectConfigurationPlatforms) = postSolution
		{3C81D109-9354-4BEC-BE0C-9D186C76C323}.Debug|Any CPU.ActiveCfg = Debug|x86
		{3C81D109-9354-4BEC-BE0C-9D186C76C323}.Debug|Mixed Platforms.ActiveCfg = Debug|x86
		{3C81D109-9354-4BEC-BE0C-9D186C76C323}.Debug|Mixed Platforms.Build.0 = Debug|x86
		{3C81D109-9354-4BEC-BE0C-9D186C76C323}.Debug|Win32.ActiveCfg = Debug|x86
		{3C81D109-9354-4BEC-BE0C-9D186C76C323}.Debug|x86.ActiveCfg = Debug|x86
		{3C81D109-9354-4BEC-BE0C-9D186C76C323}.Debug|x86.Build.0 = Debug|x86
		{3C81D109-9354-4BEC-BE0C-9D186C76C323}.Debug|Xbox 360.ActiveCfg = Debug|x86
		{3C81D109-9354-4BEC-BE0C-9D186C76C323}.Release|Any CPU.ActiveCfg = Release|x86
		{3C81D109-9354-4BEC-BE0C-9D186C76C323}.Release|Mixed Platforms.ActiveCfg = Release|x86
		{3C81D109-9354-4BEC-BE0C-9D186C76C323}.Release|Mixed Platforms.Build.0 = Release|x86
		{3C81D109-9354-4BEC-BE0C-9D186C76C323}.Release|Win32.ActiveCfg = Release|x86
		{3C81D109-9354-4BEC-BE0C-9D186C76C323}.Release|x86.ActiveCfg = Release|x86
		{3C81D109-9354-4BEC-BE0C-9D186C76C323}.Release|x86.Build.0 = Release|x86
		{3C81D109-9354-4BEC-BE0C-9D186C76C323}.Release|Xbox 360.ActiveCfg = Release|x86
		{007DFB20-8DAF-4088-BB0A-C5EB0282E679}.Debug|Any CPU.ActiveCfg = Debug|Xbox 360
		{007DFB20-8DAF-4088-BB0A-C5EB0282E679}.Debug|Mixed Platforms.ActiveCfg = Debug|x86
		{007DFB20-8DAF-4088-BB0A-C5EB0282E679}.Debug|Mixed Platforms.Build.0 = Debug|x86
		{007DFB20-8DAF-4088-BB0A-C5EB0282E679}.Debug|Win32.ActiveCfg = Debug|Xbox 360
		{007DFB20-8DAF-4088-BB0A-C5EB0282E679}.Debug|x86.ActiveCfg = Debug|x86
		{007DFB20-8DAF-4088-BB0A-C5EB0282E679}.Debug|x86.Build.0 = Debug|x86
		{007DFB20-8DAF-4088-BB0A-C5EB0282E679}.Debug|Xbox 360.ActiveCfg = Debug|Xbox 360
		{007DFB20-8DAF-4088-BB0A-C5EB0282E679}.Debug|Xbox 360.Build.0 = Debug|Xbox 360
		{007DFB20-8DAF-4088-BB0A-C5EB0282E679}.Release|Any CPU.ActiveCfg = Release|Xbox 360
		{007DFB20-8DAF-4088-BB0A-C5EB0282E679}.Release|Mixed Platforms.ActiveCfg = Release|Xbox 360
		{007DFB20-8DAF-4088-BB0A-C5EB0282E679}.Release|Mixed Platforms.Build.0 = Release|Xbox 360
		{007DFB20-8DAF-4088-BB0A-C5EB0282E679}.Release|Win32.ActiveCfg = Release|Xbox 360
		{007DFB20-8DAF-4088-BB0A-C5EB0282E679}.Release|x86.ActiveCfg = Release|x86
		{007DFB20-8DAF-4088-BB0A-C5EB0282E679}.Release|x86.Build.0 = Release|x86
		{007DFB20-8DAF-4088-BB0A-C5EB0282E679}.Release|Xbox 360.ActiveCfg = Release|Xbox 360
		{007DFB20-8DAF-4088-BB0A-C5EB0282E679}.Release|Xbox 360.Build.0 = Release|Xbox 360
		{0D41E29B-829F-4255-BCA5-64DC2677DA6D}.Debug|Any CPU.ActiveCfg = Debug|Xbox 360
		{0D41E29B-829F-4255-BCA5-64DC2677DA6D}.Debug|Mixed Platforms.ActiveCfg = Debug|x86
		{0D41E29B-829F-4255-BCA5-64DC2677DA6D}.Debug|Mixed Platforms.Build.0 = Debug|x86
		{0D41E29B-829F-4255-BCA5-64DC2677DA6D}.Debug|Win32.ActiveCfg = Debug|Xbox 360
		{0D41E29B-829F-4255-BCA5-64DC2677DA6D}.Debug|x86.ActiveCfg = Debug|x86
		{0D41E29B-829F-4255-BCA5-64DC2677DA6D}.Debug|x86.Build.0 = Debug|x86
		{0D41E29B-829F-4255-BCA5-64DC2677DA6D}.Debug|Xbox 360.ActiveCfg = Debug|Xbox 360
		{0D41E29B-829F-4255-BCA5-64DC2677DA6D}.Debug|Xbox 360.Build.0 = Debug|Xbox 360
		{0D41E29B-829F-4255-BCA5-64DC2677DA6D}.Release|Any CPU.ActiveCfg = Release|Xbox 360
		{0D41E29B-829F-4255-BCA5-64DC2677DA6D}.Release|Mixed Platforms.ActiveCfg = Release|Xbox 360
		{0D41E29B-829F-4255-BCA5-64DC2677DA6D}.Release|Mixed Platforms.Build.0 = Release|Xbox 360
		{0D41E29B-829F-4255-BCA5-64DC2677DA6D}.Release|Win32.ActiveCfg = Release|Xbox 360
		{0D41E29B-829F-4255-BCA5-64DC2677DA6D}.Release|x86.ActiveCfg = Release|x86
		{0D41E29B-829F-4255-BCA5-64DC2677DA6D}.Release|x86.Build.0 = Release|x86
		{0D41E29B-829F-4255-BCA5-64DC2677DA6D}.Release|Xbox 360.ActiveCfg = Release|Xbox 360
		{0D41E29B-829F-4255-BCA5-64DC2677DA6D}.Release|Xbox 360.Build.0 = Release|Xbox 360
		{2A253200-5922-4192-B803-87655EDAFFFF}.Debug|Any CPU.ActiveCfg = Debug|Any CPU
		{2A253200-5922-4192-B803-87655EDAFFFF}.Debug|Any CPU.Build.0 = Debug|Any CPU
		{2A253200-5922-4192-B803-87655EDAFFFF}.Debug|Mixed Platforms.ActiveCfg = Debug|Any CPU
		{2A253200-5922-4192-B803-87655EDAFFFF}.Debug|Mixed Platforms.Build.0 = Debug|Any CPU
		{2A253200-5922-4192-B803-87655EDAFFFF}.Debug|Win32.ActiveCfg = Debug|Any CPU
		{2A253200-5922-4192-B803-87655EDAFFFF}.Debug|x86.ActiveCfg = Debug|Any CPU
		{2A253200-5922-4192-B803-87655EDAFFFF}.Debug|Xbox 360.ActiveCfg = Debug|Any CPU
		{2A253200-5922-4192-B803-87655EDAFFFF}.Release|Any CPU.ActiveCfg = Release|Any CPU
		{2A253200-5922-4192-B803-87655EDAFFFF}.Release|Any CPU.Build.0 = Release|Any CPU
		{2A253200-5922-4192-B803-87655EDAFFFF}.Release|Mixed Platforms.ActiveCfg = Release|Any CPU
		{2A253200-5922-4192-B803-87655EDAFFFF}.Release|Mixed Platforms.Build.0 = Release|Any CPU
		{2A253200-5922-4192-B803-87655EDAFFFF}.Release|Win32.ActiveCfg = Release|Any CPU
		{2A253200-5922-4192-B803-87655EDAFFFF}.Release|x86.ActiveCfg = Release|Any CPU
		{2A253200-5922-4192-B803-87655EDAFFFF}.Release|Xbox 360.ActiveCfg = Release|Any CPU
		{230F9E77-9B22-44D4-A8E1-CF0C6690B577}.Debug|Any CPU.ActiveCfg = Debug|Any CPU
		{230F9E77-9B22-44D4-A8E1-CF0C6690B577}.Debug|Any CPU.Build.0 = Debug|Any CPU
		{230F9E77-9B22-44D4-A8E1-CF0C6690B577}.Debug|Mixed Platforms.ActiveCfg = Debug|Any CPU
		{230F9E77-9B22-44D4-A8E1-CF0C6690B577}.Debug|Mixed Platforms.Build.0 = Debug|Any CPU
		{230F9E77-9B22-44D4-A8E1-CF0C6690B577}.Debug|Win32.ActiveCfg = Debug|Any CPU
		{230F9E77-9B22-44D4-A8E1-CF0C6690B577}.Debug|x86.ActiveCfg = Debug|Any CPU
		{230F9E77-9B22-44D4-A8E1-CF0C6690B577}.Debug|Xbox 360.ActiveCfg = Debug|Any CPU
		{230F9E77-9B22-44D4-A8E1-CF0C6690B577}.Release|Any CPU.ActiveCfg = Release|Any CPU
		{230F9E77-9B22-44D4-A8E1-CF0C6690B577}.Release|Any CPU.Build.0 = Release|Any CPU
		{230F9E77-9B22-44D4-A8E1-CF0C6690B577}.Release|Mixed Platforms.ActiveCfg = Release|Any CPU
		{230F9E77-9B22-44D4-A8E1-CF0C6690B577}.Release|Mixed Platforms.Build.0 = Release|Any CPU
		{230F9E77-9B22-44D4-A8E1-CF0C6690B577}.Release|Win32.ActiveCfg = Release|Any CPU
		{230F9E77-9B22-44D4-A8E1-CF0C6690B577}.Release|x86.ActiveCfg = Release|Any CPU
		{230F9E77-9B22-44D4-A8E1-CF0C6690B577}.Release|Xbox 360.ActiveCfg = Release|Any CPU
		{ABDF3C7E-2E41-4848-87BF-207CFE71172F}.Debug|Any CPU.ActiveCfg = Debug|x86
		{ABDF3C7E-2E41-4848-87BF-207CFE71172F}.Debug|Mixed Platforms.ActiveCfg = Debug|x86
		{ABDF3C7E-2E41-4848-87BF-207CFE71172F}.Debug|Win32.ActiveCfg = Debug|x86
		{ABDF3C7E-2E41-4848-87BF-207CFE71172F}.Debug|x86.ActiveCfg = Debug|x86
		{ABDF3C7E-2E41-4848-87BF-207CFE71172F}.Debug|Xbox 360.ActiveCfg = Debug|x86
		{ABDF3C7E-2E41-4848-87BF-207CFE71172F}.Release|Any CPU.ActiveCfg = Release|x86
		{ABDF3C7E-2E41-4848-87BF-207CFE71172F}.Release|Mixed Platforms.ActiveCfg = Release|x86
		{ABDF3C7E-2E41-4848-87BF-207CFE71172F}.Release|Win32.ActiveCfg = Release|x86
		{ABDF3C7E-2E41-4848-87BF-207CFE71172F}.Release|x86.ActiveCfg = Release|x86
		{ABDF3C7E-2E41-4848-87BF-207CFE71172F}.Release|Xbox 360.ActiveCfg = Release|x86
	EndGlobalSection
	GlobalSection(SolutionProperties) = preSolution
		HideSolutionNode = FALSE
	EndGlobalSection
EndGlobal
